
Microsoft Visual Studio Solution File, Format Version 12.00
# Visual Studio Version 16
VisualStudioVersion = 16.0.31019.35
MinimumVisualStudioVersion = 10.0.40219.1
Project("{9A19103F-16F7-4668-BE54-9A1E7A4F7556}") = "Datacollector.core", "Datacollector.core\Datacollector.core.csproj", "{7C1A1711-6F87-49DC-8C2A-0D71B4C7A389}"
EndProject
Project("{9A19103F-16F7-4668-BE54-9A1E7A4F7556}") = "Collector", "Tester\Collector.csproj", "{34FED5B6-419B-4B9F-BA44-27D893F8EEFE}"
EndProject
Project("{9A19103F-16F7-4668-BE54-9A1E7A4F7556}") = "DataCollector.DataLayer", "DataCollector.DataLayer\DataCollector.DataLayer.csproj", "{E2ED7AE0-5CE8-4061-98D9-7DCFB5B88062}"
EndProject
Project("{9A19103F-16F7-4668-BE54-9A1E7A4F7556}") = "DataAnalyser", "DataAnalyser\DataAnalyser.csproj", "{D8331E83-4904-4456-9F0A-CC7277FC3804}"
EndProject
Project("{9A19103F-16F7-4668-BE54-9A1E7A4F7556}") = "ReportViewerData", "ReportViewerData\ReportViewerData.csproj", "{C2972ED8-FD29-48EE-BAF1-4AD1C3E4796D}"
EndProject
Project("{9A19103F-16F7-4668-BE54-9A1E7A4F7556}") = "Datacollector.coreTests", "Datacollector.coreTests\Datacollector.coreTests.csproj", "{4756FD0D-EB3F-4193-A964-26518F3C68BC}"
EndProject
Project("{9A19103F-16F7-4668-BE54-9A1E7A4F7556}") = "DataAnalyser.Grpc", "DataAnalyser.Grpc\DataAnalyser.Grpc.csproj", "{EA3F9683-A9D1-484A-ABC1-5EA2AE625AE2}"
EndProject
Project("{FAE04EC0-301F-11D3-BF4B-00C04F79EFBC}") = "DataAnalyserTests", "DataAnalyserTests\DataAnalyserTests.csproj", "{2BBEBFD6-48FF-4C8F-90B5-7F8DD5479AC7}"
EndProject
Project("{FAE04EC0-301F-11D3-BF4B-00C04F79EFBC}") = "ConsoleAppTester", "ConsoleAppTester\ConsoleAppTester.csproj", "{03CF24DB-F037-41AC-B867-A5F6BC729C6B}"
EndProject
Project("{FAE04EC0-301F-11D3-BF4B-00C04F79EFBC}") = "IntegrationTestMongo", "IntegrationTestMongo\IntegrationTestMongo.csproj", "{6E076FD5-F8A1-4E8D-975B-6AA8DB29BE57}"
EndProject
Global
	GlobalSection(SolutionConfigurationPlatforms) = preSolution
		Debug|Any CPU = Debug|Any CPU
		Release|Any CPU = Release|Any CPU
	EndGlobalSection
	GlobalSection(ProjectConfigurationPlatforms) = postSolution
		{7C1A1711-6F87-49DC-8C2A-0D71B4C7A389}.Debug|Any CPU.ActiveCfg = Debug|Any CPU
		{7C1A1711-6F87-49DC-8C2A-0D71B4C7A389}.Debug|Any CPU.Build.0 = Debug|Any CPU
		{7C1A1711-6F87-49DC-8C2A-0D71B4C7A389}.Release|Any CPU.ActiveCfg = Release|Any CPU
		{7C1A1711-6F87-49DC-8C2A-0D71B4C7A389}.Release|Any CPU.Build.0 = Release|Any CPU
		{34FED5B6-419B-4B9F-BA44-27D893F8EEFE}.Debug|Any CPU.ActiveCfg = Debug|Any CPU
		{34FED5B6-419B-4B9F-BA44-27D893F8EEFE}.Debug|Any CPU.Build.0 = Debug|Any CPU
		{34FED5B6-419B-4B9F-BA44-27D893F8EEFE}.Release|Any CPU.ActiveCfg = Release|Any CPU
		{34FED5B6-419B-4B9F-BA44-27D893F8EEFE}.Release|Any CPU.Build.0 = Release|Any CPU
		{E2ED7AE0-5CE8-4061-98D9-7DCFB5B88062}.Debug|Any CPU.ActiveCfg = Debug|Any CPU
		{E2ED7AE0-5CE8-4061-98D9-7DCFB5B88062}.Debug|Any CPU.Build.0 = Debug|Any CPU
		{E2ED7AE0-5CE8-4061-98D9-7DCFB5B88062}.Release|Any CPU.ActiveCfg = Release|Any CPU
		{E2ED7AE0-5CE8-4061-98D9-7DCFB5B88062}.Release|Any CPU.Build.0 = Release|Any CPU
		{D8331E83-4904-4456-9F0A-CC7277FC3804}.Debug|Any CPU.ActiveCfg = Debug|Any CPU
		{D8331E83-4904-4456-9F0A-CC7277FC3804}.Debug|Any CPU.Build.0 = Debug|Any CPU
		{D8331E83-4904-4456-9F0A-CC7277FC3804}.Release|Any CPU.ActiveCfg = Release|Any CPU
		{D8331E83-4904-4456-9F0A-CC7277FC3804}.Release|Any CPU.Build.0 = Release|Any CPU
		{C2972ED8-FD29-48EE-BAF1-4AD1C3E4796D}.Debug|Any CPU.ActiveCfg = Debug|Any CPU
		{C2972ED8-FD29-48EE-BAF1-4AD1C3E4796D}.Debug|Any CPU.Build.0 = Debug|Any CPU
		{C2972ED8-FD29-48EE-BAF1-4AD1C3E4796D}.Release|Any CPU.ActiveCfg = Release|Any CPU
		{C2972ED8-FD29-48EE-BAF1-4AD1C3E4796D}.Release|Any CPU.Build.0 = Release|Any CPU
		{4756FD0D-EB3F-4193-A964-26518F3C68BC}.Debug|Any CPU.ActiveCfg = Debug|Any CPU
		{4756FD0D-EB3F-4193-A964-26518F3C68BC}.Debug|Any CPU.Build.0 = Debug|Any CPU
		{4756FD0D-EB3F-4193-A964-26518F3C68BC}.Release|Any CPU.ActiveCfg = Release|Any CPU
		{4756FD0D-EB3F-4193-A964-26518F3C68BC}.Release|Any CPU.Build.0 = Release|Any CPU
		{EA3F9683-A9D1-484A-ABC1-5EA2AE625AE2}.Debug|Any CPU.ActiveCfg = Debug|Any CPU
		{EA3F9683-A9D1-484A-ABC1-5EA2AE625AE2}.Debug|Any CPU.Build.0 = Debug|Any CPU
		{EA3F9683-A9D1-484A-ABC1-5EA2AE625AE2}.Release|Any CPU.ActiveCfg = Release|Any CPU
		{EA3F9683-A9D1-484A-ABC1-5EA2AE625AE2}.Release|Any CPU.Build.0 = Release|Any CPU
		{2BBEBFD6-48FF-4C8F-90B5-7F8DD5479AC7}.Debug|Any CPU.ActiveCfg = Debug|Any CPU
		{2BBEBFD6-48FF-4C8F-90B5-7F8DD5479AC7}.Debug|Any CPU.Build.0 = Debug|Any CPU
		{2BBEBFD6-48FF-4C8F-90B5-7F8DD5479AC7}.Release|Any CPU.ActiveCfg = Release|Any CPU
		{2BBEBFD6-48FF-4C8F-90B5-7F8DD5479AC7}.Release|Any CPU.Build.0 = Release|Any CPU
		{03CF24DB-F037-41AC-B867-A5F6BC729C6B}.Debug|Any CPU.ActiveCfg = Debug|Any CPU
		{03CF24DB-F037-41AC-B867-A5F6BC729C6B}.Debug|Any CPU.Build.0 = Debug|Any CPU
		{03CF24DB-F037-41AC-B867-A5F6BC729C6B}.Release|Any CPU.ActiveCfg = Release|Any CPU
		{03CF24DB-F037-41AC-B867-A5F6BC729C6B}.Release|Any CPU.Build.0 = Release|Any CPU
		{6E076FD5-F8A1-4E8D-975B-6AA8DB29BE57}.Debug|Any CPU.ActiveCfg = Debug|Any CPU
		{6E076FD5-F8A1-4E8D-975B-6AA8DB29BE57}.Debug|Any CPU.Build.0 = Debug|Any CPU
		{6E076FD5-F8A1-4E8D-975B-6AA8DB29BE57}.Release|Any CPU.ActiveCfg = Release|Any CPU
		{6E076FD5-F8A1-4E8D-975B-6AA8DB29BE57}.Release|Any CPU.Build.0 = Release|Any CPU
	EndGlobalSection
	GlobalSection(SolutionProperties) = preSolution
		HideSolutionNode = FALSE
	EndGlobalSection
	GlobalSection(ExtensibilityGlobals) = postSolution
		SolutionGuid = {8E3D1D85-55D3-4C22-83AA-5D63D7C2D38A}
	EndGlobalSection
EndGlobal
